
Microsoft Visual Studio Solution File, Format Version 12.00
# Visual Studio 14
VisualStudioVersion = 14.0.25420.1
MinimumVisualStudioVersion = 10.0.40219.1
Project("{FAE04EC0-301F-11D3-BF4B-00C04F79EFBC}") = "BingImageSearch", "BingImageSearch\BingImageSearch.csproj", "{CAABF29F-AC52-4B46-AC51-BE5DFE67949B}"
EndProject
Project("{FAE04EC0-301F-11D3-BF4B-00C04F79EFBC}") = "BingSearchLib", "BingSearchLib\BingSearchLib.csproj", "{35957460-E08B-460D-A08A-383013770E61}"
EndProject
Global
	GlobalSection(SolutionConfigurationPlatforms) = preSolution
		Debug|Any CPU = Debug|Any CPU
		Release|Any CPU = Release|Any CPU
	EndGlobalSection
	GlobalSection(ProjectConfigurationPlatforms) = postSolution
		{CAABF29F-AC52-4B46-AC51-BE5DFE67949B}.Debug|Any CPU.ActiveCfg = Debug|Any CPU
		{CAABF29F-AC52-4B46-AC51-BE5DFE67949B}.Debug|Any CPU.Build.0 = Debug|Any CPU
		{CAABF29F-AC52-4B46-AC51-BE5DFE67949B}.Release|Any CPU.ActiveCfg = Release|Any CPU
		{CAABF29F-AC52-4B46-AC51-BE5DFE67949B}.Release|Any CPU.Build.0 = Release|Any CPU
		{35957460-E08B-460D-A08A-383013770E61}.Debug|Any CPU.ActiveCfg = Debug|Any CPU
		{35957460-E08B-460D-A08A-383013770E61}.Debug|Any CPU.Build.0 = Debug|Any CPU
		{35957460-E08B-460D-A08A-383013770E61}.Release|Any CPU.ActiveCfg = Release|Any CPU
		{35957460-E08B-460D-A08A-383013770E61}.Release|Any CPU.Build.0 = Release|Any CPU
	EndGlobalSection
	GlobalSection(SolutionProperties) = preSolution
		HideSolutionNode = FALSE
	EndGlobalSection
EndGlobal
